// !$*UTF8*$!
{
	archiveVersion = 1;
	classes = {
	};
	objectVersion = 46;
	objects = {

/* Begin PBXBuildFile section */
		61D42FBE1D7B7DE800486CCB /* AppDelegate.swift in Sources */ = {isa = PBXBuildFile; fileRef = 61D42FBD1D7B7DE800486CCB /* AppDelegate.swift */; };
		61D42FC01D7B7DE800486CCB /* MainVC.swift in Sources */ = {isa = PBXBuildFile; fileRef = 61D42FBF1D7B7DE800486CCB /* MainVC.swift */; };
		61D42FC31D7B7DE800486CCB /* Main.storyboard in Resources */ = {isa = PBXBuildFile; fileRef = 61D42FC11D7B7DE800486CCB /* Main.storyboard */; };
		61D42FC51D7B7DE800486CCB /* Assets.xcassets in Resources */ = {isa = PBXBuildFile; fileRef = 61D42FC41D7B7DE800486CCB /* Assets.xcassets */; };
		61D42FC81D7B7DE800486CCB /* LaunchScreen.storyboard in Resources */ = {isa = PBXBuildFile; fileRef = 61D42FC61D7B7DE800486CCB /* LaunchScreen.storyboard */; };
		61D42FD41D7B850000486CCB /* still time.ttf in Resources */ = {isa = PBXBuildFile; fileRef = 61D42FD31D7B850000486CCB /* still time.ttf */; };
		61D42FD61D7B860A00486CCB /* VideoVC.swift in Sources */ = {isa = PBXBuildFile; fileRef = 61D42FD51D7B860A00486CCB /* VideoVC.swift */; };
		61D42FD81D7B904200486CCB /* PartyViewCell.swift in Sources */ = {isa = PBXBuildFile; fileRef = 61D42FD71D7B904200486CCB /* PartyViewCell.swift */; };
		61D42FDA1D7B91A600486CCB /* BandInfo.swift in Sources */ = {isa = PBXBuildFile; fileRef = 61D42FD91D7B91A600486CCB /* BandInfo.swift */; };
/* End PBXBuildFile section */

/* Begin PBXFileReference section */
		61D42FBA1D7B7DE800486CCB /* NumberOneFan.app */ = {isa = PBXFileReference; explicitFileType = wrapper.application; includeInIndex = 0; path = NumberOneFan.app; sourceTree = BUILT_PRODUCTS_DIR; };
		61D42FBD1D7B7DE800486CCB /* AppDelegate.swift */ = {isa = PBXFileReference; lastKnownFileType = sourcecode.swift; path = AppDelegate.swift; sourceTree = "<group>"; };
		61D42FBF1D7B7DE800486CCB /* MainVC.swift */ = {isa = PBXFileReference; lastKnownFileType = sourcecode.swift; path = MainVC.swift; sourceTree = "<group>"; };
		61D42FC21D7B7DE800486CCB /* Base */ = {isa = PBXFileReference; lastKnownFileType = file.storyboard; name = Base; path = Base.lproj/Main.storyboard; sourceTree = "<group>"; };
		61D42FC41D7B7DE800486CCB /* Assets.xcassets */ = {isa = PBXFileReference; lastKnownFileType = folder.assetcatalog; path = Assets.xcassets; sourceTree = "<group>"; };
		61D42FC71D7B7DE800486CCB /* Base */ = {isa = PBXFileReference; lastKnownFileType = file.storyboard; name = Base; path = Base.lproj/LaunchScreen.storyboard; sourceTree = "<group>"; };
		61D42FC91D7B7DE800486CCB /* Info.plist */ = {isa = PBXFileReference; lastKnownFileType = text.plist.xml; path = Info.plist; sourceTree = "<group>"; };
		61D42FD31D7B850000486CCB /* still time.ttf */ = {isa = PBXFileReference; lastKnownFileType = file; path = "still time.ttf"; sourceTree = "<group>"; };
		61D42FD51D7B860A00486CCB /* VideoVC.swift */ = {isa = PBXFileReference; fileEncoding = 4; lastKnownFileType = sourcecode.swift; path = VideoVC.swift; sourceTree = "<group>"; };
		61D42FD71D7B904200486CCB /* PartyViewCell.swift */ = {isa = PBXFileReference; fileEncoding = 4; lastKnownFileType = sourcecode.swift; path = PartyViewCell.swift; sourceTree = "<group>"; };
		61D42FD91D7B91A600486CCB /* BandInfo.swift */ = {isa = PBXFileReference; fileEncoding = 4; lastKnownFileType = sourcecode.swift; path = BandInfo.swift; sourceTree = "<group>"; };
/* End PBXFileReference section */

/* Begin PBXFrameworksBuildPhase section */
		61D42FB71D7B7DE800486CCB /* Frameworks */ = {
			isa = PBXFrameworksBuildPhase;
			buildActionMask = 2147483647;
			files = (
			);
			runOnlyForDeploymentPostprocessing = 0;
		};
/* End PBXFrameworksBuildPhase section */

/* Begin PBXGroup section */
		61D42FB11D7B7DE800486CCB = {
			isa = PBXGroup;
			children = (
				61D42FBC1D7B7DE800486CCB /* NumberOneFan */,
				61D42FBB1D7B7DE800486CCB /* Products */,
			);
			sourceTree = "<group>";
		};
		61D42FBB1D7B7DE800486CCB /* Products */ = {
			isa = PBXGroup;
			children = (
				61D42FBA1D7B7DE800486CCB /* NumberOneFan.app */,
			);
			name = Products;
			sourceTree = "<group>";
		};
		61D42FBC1D7B7DE800486CCB /* NumberOneFan */ = {
			isa = PBXGroup;
			children = (
				61D42FD21D7B84F600486CCB /* Files */,
				61D42FCF1D7B7ED800486CCB /* Model */,
				61D42FD01D7B7EDC00486CCB /* View */,
				61D42FD11D7B7EE300486CCB /* Controller */,
				61D42FBD1D7B7DE800486CCB /* AppDelegate.swift */,
				61D42FC11D7B7DE800486CCB /* Main.storyboard */,
				61D42FC41D7B7DE800486CCB /* Assets.xcassets */,
				61D42FC61D7B7DE800486CCB /* LaunchScreen.storyboard */,
				61D42FC91D7B7DE800486CCB /* Info.plist */,
			);
			path = NumberOneFan;
			sourceTree = "<group>";
		};
		61D42FCF1D7B7ED800486CCB /* Model */ = {
			isa = PBXGroup;
			children = (
				61D42FD91D7B91A600486CCB /* BandInfo.swift */,
			);
			name = Model;
			sourceTree = "<group>";
		};
		61D42FD01D7B7EDC00486CCB /* View */ = {
			isa = PBXGroup;
			children = (
				61D42FD71D7B904200486CCB /* PartyViewCell.swift */,
			);
			name = View;
			sourceTree = "<group>";
		};
		61D42FD11D7B7EE300486CCB /* Controller */ = {
			isa = PBXGroup;
			children = (
				61D42FBF1D7B7DE800486CCB /* MainVC.swift */,
				61D42FD51D7B860A00486CCB /* VideoVC.swift */,
			);
			name = Controller;
			sourceTree = "<group>";
		};
		61D42FD21D7B84F600486CCB /* Files */ = {
			isa = PBXGroup;
			children = (
				61D42FD31D7B850000486CCB /* still time.ttf */,
			);
			name = Files;
			sourceTree = "<group>";
		};
/* End PBXGroup section */

/* Begin PBXNativeTarget section */
		61D42FB91D7B7DE800486CCB /* NumberOneFan */ = {
			isa = PBXNativeTarget;
			buildConfigurationList = 61D42FCC1D7B7DE800486CCB /* Build configuration list for PBXNativeTarget "NumberOneFan" */;
			buildPhases = (
				61D42FB61D7B7DE800486CCB /* Sources */,
				61D42FB71D7B7DE800486CCB /* Frameworks */,
				61D42FB81D7B7DE800486CCB /* Resources */,
			);
			buildRules = (
			);
			dependencies = (
			);
			name = NumberOneFan;
			productName = NumberOneFan;
			productReference = 61D42FBA1D7B7DE800486CCB /* NumberOneFan.app */;
			productType = "com.apple.product-type.application";
		};
/* End PBXNativeTarget section */

/* Begin PBXProject section */
		61D42FB21D7B7DE800486CCB /* Project object */ = {
			isa = PBXProject;
			attributes = {
				LastSwiftUpdateCheck = 0730;
				LastUpgradeCheck = 0730;
				ORGANIZATIONNAME = "Edge Designs";
				TargetAttributes = {
					61D42FB91D7B7DE800486CCB = {
						CreatedOnToolsVersion = 7.3.1;
					};
				};
			};
			buildConfigurationList = 61D42FB51D7B7DE800486CCB /* Build configuration list for PBXProject "NumberOneFan" */;
			compatibilityVersion = "Xcode 3.2";
			developmentRegion = English;
			hasScannedForEncodings = 0;
			knownRegions = (
				en,
				Base,
			);
			mainGroup = 61D42FB11D7B7DE800486CCB;
			productRefGroup = 61D42FBB1D7B7DE800486CCB /* Products */;
			projectDirPath = "";
			projectRoot = "";
			targets = (
				61D42FB91D7B7DE800486CCB /* NumberOneFan */,
			);
		};
/* End PBXProject section */

/* Begin PBXResourcesBuildPhase section */
		61D42FB81D7B7DE800486CCB /* Resources */ = {
			isa = PBXResourcesBuildPhase;
			buildActionMask = 2147483647;
			files = (
				61D42FC81D7B7DE800486CCB /* LaunchScreen.storyboard in Resources */,
				61D42FD41D7B850000486CCB /* still time.ttf in Resources */,
				61D42FC51D7B7DE800486CCB /* Assets.xcassets in Resources */,
				61D42FC31D7B7DE800486CCB /* Main.storyboard in Resources */,
			);
			runOnlyForDeploymentPostprocessing = 0;
		};
/* End PBXResourcesBuildPhase section */

/* Begin PBXSourcesBuildPhase section */
		61D42FB61D7B7DE800486CCB /* Sources */ = {
			isa = PBXSourcesBuildPhase;
			buildActionMask = 2147483647;
			files = (
				61D42FD61D7B860A00486CCB /* VideoVC.swift in Sources */,
				61D42FDA1D7B91A600486CCB /* BandInfo.swift in Sources */,
				61D42FD81D7B904200486CCB /* PartyViewCell.swift in Sources */,
				61D42FC01D7B7DE800486CCB /* MainVC.swift in Sources */,
				61D42FBE1D7B7DE800486CCB /* AppDelegate.swift in Sources */,
			);
			runOnlyForDeploymentPostprocessing = 0;
		};
/* End PBXSourcesBuildPhase section */

/* Begin PBXVariantGroup section */
		61D42FC11D7B7DE800486CCB /* Main.storyboard */ = {
			isa = PBXVariantGroup;
			children = (
				61D42FC21D7B7DE800486CCB /* Base */,
			);
			name = Main.storyboard;
			sourceTree = "<group>";
		};
		61D42FC61D7B7DE800486CCB /* LaunchScreen.storyboard */ = {
			isa = PBXVariantGroup;
			children = (
				61D42FC71D7B7DE800486CCB /* Base */,
			);
			name = LaunchScreen.storyboard;
			sourceTree = "<group>";
		};
/* End PBXVariantGroup section */

/* Begin XCBuildConfiguration section */
		61D42FCA1D7B7DE800486CCB /* Debug */ = {
			isa = XCBuildConfiguration;
			buildSettings = {
				ALWAYS_SEARCH_USER_PATHS = NO;
				CLANG_ANALYZER_NONNULL = YES;
				CLANG_CXX_LANGUAGE_STANDARD = "gnu++0x";
				CLANG_CXX_LIBRARY = "libc++";
				CLANG_ENABLE_MODULES = YES;
				CLANG_ENABLE_OBJC_ARC = YES;
				CLANG_WARN_BOOL_CONVERSION = YES;
				CLANG_WARN_CONSTANT_CONVERSION = YES;
				CLANG_WARN_DIRECT_OBJC_ISA_USAGE = YES_ERROR;
				CLANG_WARN_EMPTY_BODY = YES;
				CLANG_WARN_ENUM_CONVERSION = YES;
				CLANG_WARN_INT_CONVERSION = YES;
				CLANG_WARN_OBJC_ROOT_CLASS = YES_ERROR;
				CLANG_WARN_UNREACHABLE_CODE = YES;
				CLANG_WARN__DUPLICATE_METHOD_MATCH = YES;
				"CODE_SIGN_IDENTITY[sdk=iphoneos*]" = "iPhone Developer";
				COPY_PHASE_STRIP = NO;
				DEBUG_INFORMATION_FORMAT = dwarf;
				ENABLE_STRICT_OBJC_MSGSEND = YES;
				ENABLE_TESTABILITY = YES;
				GCC_C_LANGUAGE_STANDARD = gnu99;
				GCC_DYNAMIC_NO_PIC = NO;
				GCC_NO_COMMON_BLOCKS = YES;
				GCC_OPTIMIZATION_LEVEL = 0;
				GCC_PREPROCESSOR_DEFINITIONS = (
					"DEBUG=1",
					"$(inherited)",
				);
				GCC_WARN_64_TO_32_BIT_CONVERSION = YES;
				GCC_WARN_ABOUT_RETURN_TYPE = YES_ERROR;
				GCC_WARN_UNDECLARED_SELECTOR = YES;
				GCC_WARN_UNINITIALIZED_AUTOS = YES_AGGRESSIVE;
				GCC_WARN_UNUSED_FUNCTION = YES;
				GCC_WARN_UNUSED_VARIABLE = YES;
				IPHONEOS_DEPLOYMENT_TARGET = 9.3;
				MTL_ENABLE_DEBUG_INFO = YES;
				ONLY_ACTIVE_ARCH = YES;
				SDKROOT = iphoneos;
				SWIFT_OPTIMIZATION_LEVEL = "-Onone";
				TARGETED_DEVICE_FAMILY = "1,2";
			};
			name = Debug;
		};
		61D42FCB1D7B7DE800486CCB /* Release */ = {
			isa = XCBuildConfiguration;
			buildSettings = {
				ALWAYS_SEARCH_USER_PATHS = NO;
				CLANG_ANALYZER_NONNULL = YES;
				CLANG_CXX_LANGUAGE_STANDARD = "gnu++0x";
				CLANG_CXX_LIBRARY = "libc++";
				CLANG_ENABLE_MODULES = YES;
				CLANG_ENABLE_OBJC_ARC = YES;
				CLANG_WARN_BOOL_CONVERSION = YES;
				CLANG_WARN_CONSTANT_CONVERSION = YES;
				CLANG_WARN_DIRECT_OBJC_ISA_USAGE = YES_ERROR;
				CLANG_WARN_EMPTY_BODY = YES;
				CLANG_WARN_ENUM_CONVERSION = YES;
				CLANG_WARN_INT_CONVERSION = YES;
				CLANG_WARN_OBJC_ROOT_CLASS = YES_ERROR;
				CLANG_WARN_UNREACHABLE_CODE = YES;
				CLANG_WARN__DUPLICATE_METHOD_MATCH = YES;
				"CODE_SIGN_IDENTITY[sdk=iphoneos*]" = "iPhone Developer";
				COPY_PHASE_STRIP = NO;
				DEBUG_INFORMATION_FORMAT = "dwarf-with-dsym";
				ENABLE_NS_ASSERTIONS = NO;
				ENABLE_STRICT_OBJC_MSGSEND = YES;
				GCC_C_LANGUAGE_STANDARD = gnu99;
				GCC_NO_COMMON_BLOCKS = YES;
				GCC_WARN_64_TO_32_BIT_CONVERSION = YES;
				GCC_WARN_ABOUT_RETURN_TYPE = YES_ERROR;
				GCC_WARN_UNDECLARED_SELECTOR = YES;
				GCC_WARN_UNINITIALIZED_AUTOS = YES_AGGRESSIVE;
				GCC_WARN_UNUSED_FUNCTION = YES;
				GCC_WARN_UNUSED_VARIABLE = YES;
				IPHONEOS_DEPLOYMENT_TARGET = 9.3;
				MTL_ENABLE_DEBUG_INFO = NO;
				SDKROOT = iphoneos;
				TARGETED_DEVICE_FAMILY = "1,2";
				VALIDATE_PRODUCT = YES;
			};
			name = Release;
		};
		61D42FCD1D7B7DE800486CCB /* Debug */ = {
			isa = XCBuildConfiguration;
			buildSettings = {
				ASSETCATALOG_COMPILER_APPICON_NAME = AppIcon;
				INFOPLIST_FILE = NumberOneFan/Info.plist;
				LD_RUNPATH_SEARCH_PATHS = "$(inherited) @executable_path/Frameworks";
				PRODUCT_BUNDLE_IDENTIFIER = com.edgedesigns.NumberOneFan;
				PRODUCT_NAME = "$(TARGET_NAME)";
			};
			name = Debug;
		};
		61D42FCE1D7B7DE800486CCB /* Release */ = {
			isa = XCBuildConfiguration;
			buildSettings = {
				ASSETCATALOG_COMPILER_APPICON_NAME = AppIcon;
				INFOPLIST_FILE = NumberOneFan/Info.plist;
				LD_RUNPATH_SEARCH_PATHS = "$(inherited) @executable_path/Frameworks";
				PRODUCT_BUNDLE_IDENTIFIER = com.edgedesigns.NumberOneFan;
				PRODUCT_NAME = "$(TARGET_NAME)";
			};
			name = Release;
		};
/* End XCBuildConfiguration section */

/* Begin XCConfigurationList section */
		61D42FB51D7B7DE800486CCB /* Build configuration list for PBXProject "NumberOneFan" */ = {
			isa = XCConfigurationList;
			buildConfigurations = (
				61D42FCA1D7B7DE800486CCB /* Debug */,
				61D42FCB1D7B7DE800486CCB /* Release */,
			);
			defaultConfigurationIsVisible = 0;
			defaultConfigurationName = Release;
		};
		61D42FCC1D7B7DE800486CCB /* Build configuration list for PBXNativeTarget "NumberOneFan" */ = {
			isa = XCConfigurationList;
			buildConfigurations = (
				61D42FCD1D7B7DE800486CCB /* Debug */,
				61D42FCE1D7B7DE800486CCB /* Release */,
			);
			defaultConfigurationIsVisible = 0;
		};
/* End XCConfigurationList section */
	};
	rootObject = 61D42FB21D7B7DE800486CCB /* Project object */;
}
